
Microsoft Visual Studio Solution File, Format Version 12.00
# Visual Studio Version 17
VisualStudioVersion = 17.8.34309.116
MinimumVisualStudioVersion = 10.0.40219.1
Project("{FAE04EC0-301F-11D3-BF4B-00C04F79EFBC}") = "Task2", "Task2.csproj", "{D17A0109-9808-4BBF-A37C-7A33A20DC3D4}"
EndProject
Global
	GlobalSection(SolutionConfigurationPlatforms) = preSolution
		Debug|Any CPU = Debug|Any CPU
		Release|Any CPU = Release|Any CPU
	EndGlobalSection
	GlobalSection(ProjectConfigurationPlatforms) = postSolution
		{D17A0109-9808-4BBF-A37C-7A33A20DC3D4}.Debug|Any CPU.ActiveCfg = Debug|Any CPU
		{D17A0109-9808-4BBF-A37C-7A33A20DC3D4}.Debug|Any CPU.Build.0 = Debug|Any CPU
		{D17A0109-9808-4BBF-A37C-7A33A20DC3D4}.Release|Any CPU.ActiveCfg = Release|Any CPU
		{D17A0109-9808-4BBF-A37C-7A33A20DC3D4}.Release|Any CPU.Build.0 = Release|Any CPU
	EndGlobalSection
	GlobalSection(SolutionProperties) = preSolution
		HideSolutionNode = FALSE
	EndGlobalSection
	GlobalSection(ExtensibilityGlobals) = postSolution
		SolutionGuid = {460A0E09-9282-46CD-A668-0D72DB523E5D}
	EndGlobalSection
EndGlobal
